
Microsoft Visual Studio Solution File, Format Version 12.00
# Visual Studio Version 17
VisualStudioVersion = 17.5.002.0
MinimumVisualStudioVersion = 10.0.40219.1
Project("{2150E333-8FDC-42A3-9474-1A3956D46DE8}") = "src", "src", "{94189792-7783-46D8-A7AC-990AF40CDCDF}"
EndProject
Project("{9A19103F-16F7-4668-BE54-9A1E7A4F7556}") = "Telegram Backups", "src\Telegram Backups\Telegram Backups.csproj", "{2FA6296F-2B29-4132-99F7-306796DD6694}"
EndProject
Global
	GlobalSection(SolutionConfigurationPlatforms) = preSolution
		Debug|Any CPU = Debug|Any CPU
		Release|Any CPU = Release|Any CPU
	EndGlobalSection
	GlobalSection(ProjectConfigurationPlatforms) = postSolution
		{2FA6296F-2B29-4132-99F7-306796DD6694}.Debug|Any CPU.ActiveCfg = Debug|Any CPU
		{2FA6296F-2B29-4132-99F7-306796DD6694}.Debug|Any CPU.Build.0 = Debug|Any CPU
		{2FA6296F-2B29-4132-99F7-306796DD6694}.Release|Any CPU.ActiveCfg = Release|Any CPU
		{2FA6296F-2B29-4132-99F7-306796DD6694}.Release|Any CPU.Build.0 = Release|Any CPU
	EndGlobalSection
	GlobalSection(SolutionProperties) = preSolution
		HideSolutionNode = FALSE
	EndGlobalSection
	GlobalSection(NestedProjects) = preSolution
		{2FA6296F-2B29-4132-99F7-306796DD6694} = {94189792-7783-46D8-A7AC-990AF40CDCDF}
	EndGlobalSection
	GlobalSection(ExtensibilityGlobals) = postSolution
		SolutionGuid = {5B54F76D-63BD-4BF4-8D1F-C09FA7AAD16A}
	EndGlobalSection
EndGlobal
