
Microsoft Visual Studio Solution File, Format Version 12.00
# Visual Studio Version 17
VisualStudioVersion = 17.5.002.0
MinimumVisualStudioVersion = 10.0.40219.1
Project("{9A19103F-16F7-4668-BE54-9A1E7A4F7556}") = "Telegram Backups", "Telegram Backups.csproj", "{1F770A9A-D2CA-40B3-BC5D-8696120B4606}"
EndProject
Global
	GlobalSection(SolutionConfigurationPlatforms) = preSolution
		Debug|Any CPU = Debug|Any CPU
		Release|Any CPU = Release|Any CPU
	EndGlobalSection
	GlobalSection(ProjectConfigurationPlatforms) = postSolution
		{1F770A9A-D2CA-40B3-BC5D-8696120B4606}.Debug|Any CPU.ActiveCfg = Debug|Any CPU
		{1F770A9A-D2CA-40B3-BC5D-8696120B4606}.Debug|Any CPU.Build.0 = Debug|Any CPU
		{1F770A9A-D2CA-40B3-BC5D-8696120B4606}.Release|Any CPU.ActiveCfg = Release|Any CPU
		{1F770A9A-D2CA-40B3-BC5D-8696120B4606}.Release|Any CPU.Build.0 = Release|Any CPU
	EndGlobalSection
	GlobalSection(SolutionProperties) = preSolution
		HideSolutionNode = FALSE
	EndGlobalSection
	GlobalSection(ExtensibilityGlobals) = postSolution
		SolutionGuid = {D4B36C06-A026-405E-83BE-49CBDC04F8B5}
	EndGlobalSection
EndGlobal
